
Microsoft Visual Studio Solution File, Format Version 12.00
# Visual Studio 15
VisualStudioVersion = 15.0.26124.0
MinimumVisualStudioVersion = 15.0.26124.0
Project("{FAE04EC0-301F-11D3-BF4B-00C04F79EFBC}") = "Allvis.Kaylee.Generator.SqlKata", "Allvis.Kaylee.Generator.SqlKata\Allvis.Kaylee.Generator.SqlKata.csproj", "{8C81D3B0-0F1F-4B7E-A005-13962F519201}"
EndProject
Project("{FAE04EC0-301F-11D3-BF4B-00C04F79EFBC}") = "Allvis.Kaylee.Generator.SqlKata.Tests", "Allvis.Kaylee.Generator.SqlKata.Tests\Allvis.Kaylee.Generator.SqlKata.Tests.csproj", "{59A7472E-7781-4F75-9CAB-8D018F52E363}"
EndProject
Global
	GlobalSection(SolutionConfigurationPlatforms) = preSolution
		Debug|Any CPU = Debug|Any CPU
		Debug|x64 = Debug|x64
		Debug|x86 = Debug|x86
		Release|Any CPU = Release|Any CPU
		Release|x64 = Release|x64
		Release|x86 = Release|x86
	EndGlobalSection
	GlobalSection(SolutionProperties) = preSolution
		HideSolutionNode = FALSE
	EndGlobalSection
	GlobalSection(ProjectConfigurationPlatforms) = postSolution
		{8C81D3B0-0F1F-4B7E-A005-13962F519201}.Debug|Any CPU.ActiveCfg = Debug|Any CPU
		{8C81D3B0-0F1F-4B7E-A005-13962F519201}.Debug|Any CPU.Build.0 = Debug|Any CPU
		{8C81D3B0-0F1F-4B7E-A005-13962F519201}.Debug|x64.ActiveCfg = Debug|Any CPU
		{8C81D3B0-0F1F-4B7E-A005-13962F519201}.Debug|x64.Build.0 = Debug|Any CPU
		{8C81D3B0-0F1F-4B7E-A005-13962F519201}.Debug|x86.ActiveCfg = Debug|Any CPU
		{8C81D3B0-0F1F-4B7E-A005-13962F519201}.Debug|x86.Build.0 = Debug|Any CPU
		{8C81D3B0-0F1F-4B7E-A005-13962F519201}.Release|Any CPU.ActiveCfg = Release|Any CPU
		{8C81D3B0-0F1F-4B7E-A005-13962F519201}.Release|Any CPU.Build.0 = Release|Any CPU
		{8C81D3B0-0F1F-4B7E-A005-13962F519201}.Release|x64.ActiveCfg = Release|Any CPU
		{8C81D3B0-0F1F-4B7E-A005-13962F519201}.Release|x64.Build.0 = Release|Any CPU
		{8C81D3B0-0F1F-4B7E-A005-13962F519201}.Release|x86.ActiveCfg = Release|Any CPU
		{8C81D3B0-0F1F-4B7E-A005-13962F519201}.Release|x86.Build.0 = Release|Any CPU
		{59A7472E-7781-4F75-9CAB-8D018F52E363}.Debug|Any CPU.ActiveCfg = Debug|Any CPU
		{59A7472E-7781-4F75-9CAB-8D018F52E363}.Debug|Any CPU.Build.0 = Debug|Any CPU
		{59A7472E-7781-4F75-9CAB-8D018F52E363}.Debug|x64.ActiveCfg = Debug|Any CPU
		{59A7472E-7781-4F75-9CAB-8D018F52E363}.Debug|x64.Build.0 = Debug|Any CPU
		{59A7472E-7781-4F75-9CAB-8D018F52E363}.Debug|x86.ActiveCfg = Debug|Any CPU
		{59A7472E-7781-4F75-9CAB-8D018F52E363}.Debug|x86.Build.0 = Debug|Any CPU
		{59A7472E-7781-4F75-9CAB-8D018F52E363}.Release|Any CPU.ActiveCfg = Release|Any CPU
		{59A7472E-7781-4F75-9CAB-8D018F52E363}.Release|Any CPU.Build.0 = Release|Any CPU
		{59A7472E-7781-4F75-9CAB-8D018F52E363}.Release|x64.ActiveCfg = Release|Any CPU
		{59A7472E-7781-4F75-9CAB-8D018F52E363}.Release|x64.Build.0 = Release|Any CPU
		{59A7472E-7781-4F75-9CAB-8D018F52E363}.Release|x86.ActiveCfg = Release|Any CPU
		{59A7472E-7781-4F75-9CAB-8D018F52E363}.Release|x86.Build.0 = Release|Any CPU
	EndGlobalSection
EndGlobal
